
Microsoft Visual Studio Solution File, Format Version 12.00
# Visual Studio Version 17
VisualStudioVersion = 17.14.36623.8 d17.14
MinimumVisualStudioVersion = 10.0.40219.1
Project("{FAE04EC0-301F-11D3-BF4B-00C04F79EFBC}") = "AstNodeExtensionsTask", "AstNodeExtensionsTask\AstNodeExtensionsTask.csproj", "{92E2CACD-1A96-4B10-9DF0-3165FABB6765}"
EndProject
Project("{FAE04EC0-301F-11D3-BF4B-00C04F79EFBC}") = "AstNodeUnitTest", "AstNodeUnitTest\AstNodeUnitTest.csproj", "{D19633F2-35BB-4948-BA7D-8752586B976B}"
EndProject
Global
	GlobalSection(SolutionConfigurationPlatforms) = preSolution
		Debug|Any CPU = Debug|Any CPU
		Release|Any CPU = Release|Any CPU
	EndGlobalSection
	GlobalSection(ProjectConfigurationPlatforms) = postSolution
		{92E2CACD-1A96-4B10-9DF0-3165FABB6765}.Debug|Any CPU.ActiveCfg = Debug|Any CPU
		{92E2CACD-1A96-4B10-9DF0-3165FABB6765}.Debug|Any CPU.Build.0 = Debug|Any CPU
		{92E2CACD-1A96-4B10-9DF0-3165FABB6765}.Release|Any CPU.ActiveCfg = Release|Any CPU
		{92E2CACD-1A96-4B10-9DF0-3165FABB6765}.Release|Any CPU.Build.0 = Release|Any CPU
		{D19633F2-35BB-4948-BA7D-8752586B976B}.Debug|Any CPU.ActiveCfg = Debug|Any CPU
		{D19633F2-35BB-4948-BA7D-8752586B976B}.Debug|Any CPU.Build.0 = Debug|Any CPU
		{D19633F2-35BB-4948-BA7D-8752586B976B}.Release|Any CPU.ActiveCfg = Release|Any CPU
		{D19633F2-35BB-4948-BA7D-8752586B976B}.Release|Any CPU.Build.0 = Release|Any CPU
	EndGlobalSection
	GlobalSection(SolutionProperties) = preSolution
		HideSolutionNode = FALSE
	EndGlobalSection
	GlobalSection(ExtensibilityGlobals) = postSolution
		SolutionGuid = {ABB7BA50-07C5-4337-ACBA-F15499A0ED8E}
	EndGlobalSection
EndGlobal
